
Microsoft Visual Studio Solution File, Format Version 12.00
# Visual Studio Version 17
VisualStudioVersion = 17.13.35806.99 d17.13
MinimumVisualStudioVersion = 10.0.40219.1
Project("{FAE04EC0-301F-11D3-BF4B-00C04F79EFBC}") = "Proyecto", "Proyecto\Proyecto.csproj", "{164B4C00-F8BA-48C2-ACE2-89CA10D99DB9}"
EndProject
Global
	GlobalSection(SolutionConfigurationPlatforms) = preSolution
		Debug|Any CPU = Debug|Any CPU
		Release|Any CPU = Release|Any CPU
	EndGlobalSection
	GlobalSection(ProjectConfigurationPlatforms) = postSolution
		{164B4C00-F8BA-48C2-ACE2-89CA10D99DB9}.Debug|Any CPU.ActiveCfg = Debug|Any CPU
		{164B4C00-F8BA-48C2-ACE2-89CA10D99DB9}.Debug|Any CPU.Build.0 = Debug|Any CPU
		{164B4C00-F8BA-48C2-ACE2-89CA10D99DB9}.Release|Any CPU.ActiveCfg = Release|Any CPU
		{164B4C00-F8BA-48C2-ACE2-89CA10D99DB9}.Release|Any CPU.Build.0 = Release|Any CPU
	EndGlobalSection
	GlobalSection(SolutionProperties) = preSolution
		HideSolutionNode = FALSE
	EndGlobalSection
	GlobalSection(ExtensibilityGlobals) = postSolution
		SolutionGuid = {AB82448F-2A3C-4143-B5F3-96D86AD2925C}
	EndGlobalSection
EndGlobal
